
Microsoft Visual Studio Solution File, Format Version 12.00
Project("{FAE04EC0-301F-11D3-BF4B-00C04F79EFBC}") = "Vinmonopolet.Net", "Vinmonopolet.Net\Vinmonopolet.Net.csproj", "{331D98B4-30E5-448D-9CE5-93F047C02824}"
EndProject
Global
	GlobalSection(SolutionConfigurationPlatforms) = preSolution
		Debug|Any CPU = Debug|Any CPU
		Release|Any CPU = Release|Any CPU
	EndGlobalSection
	GlobalSection(ProjectConfigurationPlatforms) = postSolution
		{331D98B4-30E5-448D-9CE5-93F047C02824}.Debug|Any CPU.ActiveCfg = Debug|Any CPU
		{331D98B4-30E5-448D-9CE5-93F047C02824}.Debug|Any CPU.Build.0 = Debug|Any CPU
		{331D98B4-30E5-448D-9CE5-93F047C02824}.Release|Any CPU.ActiveCfg = Release|Any CPU
		{331D98B4-30E5-448D-9CE5-93F047C02824}.Release|Any CPU.Build.0 = Release|Any CPU
	EndGlobalSection
EndGlobal
